{
  "version": 4,
  "terraform_version": "1.10.3",
  "serial": 439,
  "lineage": "0d61a2d2-2e18-a1a8-eb68-325c00a0c589",
  "outputs": {
    "api_endpoint": {
      "value": "https://lgu12iluxg.execute-api.us-east-1.amazonaws.com/dev",
      "type": "string"
    }
  },
  "resources": [
    {
      "mode": "data",
      "type": "aws_subnets",
      "name": "default",
      "provider": "provider[\"registry.terraform.io/hashicorp/aws\"]",
      "instances": [
        {
          "schema_version": 0,
          "attributes": {
            "filter": [
              {
                "name": "vpc-id",
                "values": [
                  "vpc-045b678b37d4b07d0"
                ]
              }
            ],
            "id": "us-east-1",
            "ids": [
              "subnet-0dc9811eb28ec0498",
              "subnet-013cfac78610fec50",
              "subnet-08a477bacc7a8d1df",
              "subnet-07d80a7cca9a8630c",
              "subnet-09bcf89f4f09e8053",
              "subnet-0ee45188437dba398"
            ],
            "tags": null,
            "timeouts": null
          },
          "sensitive_attributes": []
        }
      ]
    },
    {
      "mode": "data",
      "type": "aws_vpc",
      "name": "default",
      "provider": "provider[\"registry.terraform.io/hashicorp/aws\"]",
      "instances": [
        {
          "schema_version": 0,
          "attributes": {
            "arn": "arn:aws:ec2:us-east-1:342351165078:vpc/vpc-045b678b37d4b07d0",
            "cidr_block": "172.31.0.0/16",
            "cidr_block_associations": [
              {
                "association_id": "vpc-cidr-assoc-0460eb4a183cad099",
                "cidr_block": "172.31.0.0/16",
                "state": "associated"
              }
            ],
            "default": true,
            "dhcp_options_id": "dopt-04e93ce241c4fe731",
            "enable_dns_hostnames": true,
            "enable_dns_support": true,
            "enable_network_address_usage_metrics": false,
            "filter": null,
            "id": "vpc-045b678b37d4b07d0",
            "instance_tenancy": "default",
            "ipv6_association_id": "",
            "ipv6_cidr_block": "",
            "main_route_table_id": "rtb-012f30fee6458ba57",
            "owner_id": "342351165078",
            "state": null,
            "tags": {},
            "timeouts": null
          },
          "sensitive_attributes": []
        }
      ]
    },
    {
      "mode": "managed",
      "type": "aws_apigatewayv2_api",
      "name": "graph_api",
      "provider": "provider[\"registry.terraform.io/hashicorp/aws\"]",
      "instances": [
        {
          "schema_version": 0,
          "attributes": {
            "api_endpoint": "https://lgu12iluxg.execute-api.us-east-1.amazonaws.com",
            "api_key_selection_expression": "$request.header.x-api-key",
            "arn": "arn:aws:apigateway:us-east-1::/apis/lgu12iluxg",
            "body": null,
            "cors_configuration": [
              {
                "allow_credentials": false,
                "allow_headers": [
                  "*"
                ],
                "allow_methods": [
                  "DELETE",
                  "GET",
                  "OPTIONS",
                  "POST",
                  "PUT"
                ],
                "allow_origins": [
                  "*"
                ],
                "expose_headers": null,
                "max_age": 0
              }
            ],
            "credentials_arn": null,
            "description": "",
            "disable_execute_api_endpoint": false,
            "execution_arn": "arn:aws:execute-api:us-east-1:342351165078:lgu12iluxg",
            "fail_on_warnings": null,
            "id": "lgu12iluxg",
            "name": "graph-api",
            "protocol_type": "HTTP",
            "route_key": null,
            "route_selection_expression": "$request.method $request.path",
            "tags": null,
            "tags_all": {},
            "target": null,
            "version": ""
          },
          "sensitive_attributes": [],
          "private": "bnVsbA=="
        }
      ]
    },
    {
      "mode": "managed",
      "type": "aws_apigatewayv2_stage",
      "name": "dev",
      "provider": "provider[\"registry.terraform.io/hashicorp/aws\"]",
      "instances": [
        {
          "schema_version": 0,
          "attributes": {
            "access_log_settings": [],
            "api_id": "lgu12iluxg",
            "arn": "arn:aws:apigateway:us-east-1::/apis/lgu12iluxg/stages/dev",
            "auto_deploy": true,
            "client_certificate_id": "",
            "default_route_settings": [
              {
                "data_trace_enabled": false,
                "detailed_metrics_enabled": false,
                "logging_level": "",
                "throttling_burst_limit": 0,
                "throttling_rate_limit": 0
              }
            ],
            "deployment_id": "",
            "description": "",
            "execution_arn": "arn:aws:execute-api:us-east-1:342351165078:lgu12iluxg/dev",
            "id": "dev",
            "invoke_url": "https://lgu12iluxg.execute-api.us-east-1.amazonaws.com/dev",
            "name": "dev",
            "route_settings": [],
            "stage_variables": null,
            "tags": null,
            "tags_all": {}
          },
          "sensitive_attributes": [],
          "private": "bnVsbA==",
          "dependencies": [
            "aws_apigatewayv2_api.graph_api"
          ]
        }
      ]
    },
    {
      "mode": "managed",
      "type": "aws_key_pair",
      "name": "deployer",
      "provider": "provider[\"registry.terraform.io/hashicorp/aws\"]",
      "instances": [
        {
          "schema_version": 1,
          "attributes": {
            "arn": "arn:aws:ec2:us-east-1:342351165078:key-pair/deployer-key",
            "fingerprint": "c3:cd:13:db:97:66:43:e4:c5:9b:83:90:55:e0:be:4e",
            "id": "deployer-key",
            "key_name": "deployer-key",
            "key_name_prefix": "",
            "key_pair_id": "key-0715fc745743712a8",
            "key_type": "rsa",
            "public_key": "ssh-rsa AAAAB3NzaC1yc2EAAAADAQABAAACAQC83pW9jbb4ZabCyJfOZ7u8/Tv0Xtvxj6TngMOsUTzWrteB1kFE2q1686In+b/OaRlRLDREI7jYiRlqe/yAuwhG98utoU8aoB3XAHd80UnOsziNKIj3GHy9V1/hHdIbU2luhcLQds03Mw1R0V9jGZXwXh4gnIApmQXwpX1A8NJbrQKk+g+jVok8Qht1LldycEe15hKOJa6IzvMvamUfemxnpWbnZJC5pW88NuqQYD4Z+YjdZ3YmxPcX993NWCOKDCJd0sUIxHIGKcQE8jsfqxGF5lpA80FaXuNpxsW4WwkwhFGouIPVmCaFMF6nTGAW+wrVJgMfl0JZxo5QUjiZF12QFWwQK6Z/ylrTPOFZPdWhFn95ARjsKzUha4e+mSP2FtMcjBx4sVei71yiBOE2mnNoyqxhP5XlH3gEggc1jVll0vnE29+1kK5QRnuL2qbJnaHyAyKdMqnifkHca/f09zvXEWTUdVRQkw3PSIChvhewmEchV/TDdfUF994WQhpefaPThZzwiLQVJxklhZc8gOp+14wgT8hRULLGUYtQ2A7IKCWhQYFeGMQ2sDz3HciFBR8t1fHDhovSWSCUDIk2fBuZ/i9SQWyZOGq4LyFdWjy+l7t2thLJmsB08W5QI6gyaHvpwORsy90ZevNaNpC894Qbg5gKuvhUIvg3iTAegX12vQ== maye.maye101@alu.ulpgc.es",
            "tags": null,
            "tags_all": {}
          },
          "sensitive_attributes": [],
          "private": "eyJzY2hlbWFfdmVyc2lvbiI6IjEifQ=="
        }
      ]
    }
  ],
  "check_results": null
}
